// !$*UTF8*$!
{
	archiveVersion = 1;
	classes = {
	};
	objectVersion = 46;
	objects = {

/* Begin PBXBuildFile section */
		271DD3561F1F995F00AB306D /* TestDataModel.m in Sources */ = {isa = PBXBuildFile; fileRef = 271DD3551F1F995F00AB306D /* TestDataModel.m */; };
		271DD3611F1FAFD600AB306D /* DataSupport.m in Sources */ = {isa = PBXBuildFile; fileRef = 271DD3601F1FAFD600AB306D /* DataSupport.m */; };
		271DD47A1F1FBF2200AB306D /* AsyncDisplayKitTableViewCell.m in Sources */ = {isa = PBXBuildFile; fileRef = 271DD45D1F1FBF2200AB306D /* AsyncDisplayKitTableViewCell.m */; };
		271DD47B1F1FBF2200AB306D /* AsyncDisplayKitTableViewController.m in Sources */ = {isa = PBXBuildFile; fileRef = 271DD45F1F1FBF2200AB306D /* AsyncDisplayKitTableViewController.m */; };
		271DD47C1F1FBF2200AB306D /* AutolayoutTableViewCell.m in Sources */ = {isa = PBXBuildFile; fileRef = 271DD4621F1FBF2200AB306D /* AutolayoutTableViewCell.m */; };
		271DD47D1F1FBF2200AB306D /* AutolayoutTableViewCell.xib in Resources */ = {isa = PBXBuildFile; fileRef = 271DD4631F1FBF2200AB306D /* AutolayoutTableViewCell.xib */; };
		271DD47E1F1FBF2200AB306D /* AutolayoutTableViewController.m in Sources */ = {isa = PBXBuildFile; fileRef = 271DD4651F1FBF2200AB306D /* AutolayoutTableViewController.m */; };
		271DD47F1F1FBF2200AB306D /* CountHeightTableViewController.m in Sources */ = {isa = PBXBuildFile; fileRef = 271DD4681F1FBF2200AB306D /* CountHeightTableViewController.m */; };
		271DD4801F1FBF2200AB306D /* FrameCountTableViewController.m in Sources */ = {isa = PBXBuildFile; fileRef = 271DD46B1F1FBF2200AB306D /* FrameCountTableViewController.m */; };
		271DD4811F1FBF2200AB306D /* FrameLayoutTableViewCell.m in Sources */ = {isa = PBXBuildFile; fileRef = 271DD46D1F1FBF2200AB306D /* FrameLayoutTableViewCell.m */; };
		271DD4821F1FBF2200AB306D /* MainTableViewController.m in Sources */ = {isa = PBXBuildFile; fileRef = 271DD46F1F1FBF2200AB306D /* MainTableViewController.m */; };
		271DD4831F1FBF2200AB306D /* SuperTableViewCell.m in Sources */ = {isa = PBXBuildFile; fileRef = 271DD4721F1FBF2200AB306D /* SuperTableViewCell.m */; };
		271DD4841F1FBF2200AB306D /* SuperTableViewController.m in Sources */ = {isa = PBXBuildFile; fileRef = 271DD4741F1FBF2200AB306D /* SuperTableViewController.m */; };
		271DD4851F1FBF2200AB306D /* YYKitTableViewCell.m in Sources */ = {isa = PBXBuildFile; fileRef = 271DD4771F1FBF2200AB306D /* YYKitTableViewCell.m */; };
		271DD4861F1FBF2200AB306D /* YYKitTableViewController.m in Sources */ = {isa = PBXBuildFile; fileRef = 271DD4791F1FBF2200AB306D /* YYKitTableViewController.m */; };
		274ED9F31F1F68C40021FEA6 /* main.m in Sources */ = {isa = PBXBuildFile; fileRef = 274ED9F21F1F68C40021FEA6 /* main.m */; };
		274ED9F61F1F68C40021FEA6 /* AppDelegate.m in Sources */ = {isa = PBXBuildFile; fileRef = 274ED9F51F1F68C40021FEA6 /* AppDelegate.m */; };
		274ED9FC1F1F68C40021FEA6 /* Main.storyboard in Resources */ = {isa = PBXBuildFile; fileRef = 274ED9FA1F1F68C40021FEA6 /* Main.storyboard */; };
		274EDA011F1F68C40021FEA6 /* Assets.xcassets in Resources */ = {isa = PBXBuildFile; fileRef = 274EDA001F1F68C40021FEA6 /* Assets.xcassets */; };
		274EDA041F1F68C40021FEA6 /* LaunchScreen.storyboard in Resources */ = {isa = PBXBuildFile; fileRef = 274EDA021F1F68C40021FEA6 /* LaunchScreen.storyboard */; };
		274EDA311F1F95930021FEA6 /* FPSDisplay.m in Sources */ = {isa = PBXBuildFile; fileRef = 274EDA2B1F1F95930021FEA6 /* FPSDisplay.m */; };
		274EDA321F1F95930021FEA6 /* ImageCache.m in Sources */ = {isa = PBXBuildFile; fileRef = 274EDA2D1F1F95930021FEA6 /* ImageCache.m */; };
		274EDA331F1F95930021FEA6 /* UIView+Frame.m in Sources */ = {isa = PBXBuildFile; fileRef = 274EDA2F1F1F95930021FEA6 /* UIView+Frame.m */; };
		484AC01EBF04AB5B3F2306AE /* libPods-JPDisplayLayout.a in Frameworks */ = {isa = PBXBuildFile; fileRef = 8795F1A39CF50854A72BC6FB /* libPods-JPDisplayLayout.a */; };
/* End PBXBuildFile section */

/* Begin PBXContainerItemProxy section */
		274EDA0B1F1F68C40021FEA6 /* PBXContainerItemProxy */ = {
			isa = PBXContainerItemProxy;
			containerPortal = 274ED9E61F1F68C40021FEA6 /* Project object */;
			proxyType = 1;
			remoteGlobalIDString = 274ED9ED1F1F68C40021FEA6;
			remoteInfo = JPDisplayLayout;
		};
		274EDA161F1F68C40021FEA6 /* PBXContainerItemProxy */ = {
			isa = PBXContainerItemProxy;
			containerPortal = 274ED9E61F1F68C40021FEA6 /* Project object */;
			proxyType = 1;
			remoteGlobalIDString = 274ED9ED1F1F68C40021FEA6;
			remoteInfo = JPDisplayLayout;
		};
/* End PBXContainerItemProxy section */

/* Begin PBXFileReference section */
		271DD3541F1F995F00AB306D /* TestDataModel.h */ = {isa = PBXFileReference; fileEncoding = 4; lastKnownFileType = sourcecode.c.h; path = TestDataModel.h; sourceTree = "<group>"; };
		271DD3551F1F995F00AB306D /* TestDataModel.m */ = {isa = PBXFileReference; fileEncoding = 4; lastKnownFileType = sourcecode.c.objc; path = TestDataModel.m; sourceTree = "<group>"; };
		271DD3581F1F9AE300AB306D /* PrefixHeader.pch */ = {isa = PBXFileReference; lastKnownFileType = sourcecode.c.h; path = PrefixHeader.pch; sourceTree = "<group>"; };
		271DD35F1F1FAFD600AB306D /* DataSupport.h */ = {isa = PBXFileReference; fileEncoding = 4; lastKnownFileType = sourcecode.c.h; path = DataSupport.h; sourceTree = "<group>"; };
		271DD3601F1FAFD600AB306D /* DataSupport.m */ = {isa = PBXFileReference; fileEncoding = 4; lastKnownFileType = sourcecode.c.objc; path = DataSupport.m; sourceTree = "<group>"; };
		271DD45C1F1FBF2200AB306D /* AsyncDisplayKitTableViewCell.h */ = {isa = PBXFileReference; fileEncoding = 4; lastKnownFileType = sourcecode.c.h; path = AsyncDisplayKitTableViewCell.h; sourceTree = "<group>"; };
		271DD45D1F1FBF2200AB306D /* AsyncDisplayKitTableViewCell.m */ = {isa = PBXFileReference; fileEncoding = 4; lastKnownFileType = sourcecode.c.objc; path = AsyncDisplayKitTableViewCell.m; sourceTree = "<group>"; };
		271DD45E1F1FBF2200AB306D /* AsyncDisplayKitTableViewController.h */ = {isa = PBXFileReference; fileEncoding = 4; lastKnownFileType = sourcecode.c.h; path = AsyncDisplayKitTableViewController.h; sourceTree = "<group>"; };
		271DD45F1F1FBF2200AB306D /* AsyncDisplayKitTableViewController.m */ = {isa = PBXFileReference; fileEncoding = 4; lastKnownFileType = sourcecode.c.objc; path = AsyncDisplayKitTableViewController.m; sourceTree = "<group>"; };
		271DD4611F1FBF2200AB306D /* AutolayoutTableViewCell.h */ = {isa = PBXFileReference; fileEncoding = 4; lastKnownFileType = sourcecode.c.h; path = AutolayoutTableViewCell.h; sourceTree = "<group>"; };
		271DD4621F1FBF2200AB306D /* AutolayoutTableViewCell.m */ = {isa = PBXFileReference; fileEncoding = 4; lastKnownFileType = sourcecode.c.objc; path = AutolayoutTableViewCell.m; sourceTree = "<group>"; };
		271DD4631F1FBF2200AB306D /* AutolayoutTableViewCell.xib */ = {isa = PBXFileReference; fileEncoding = 4; lastKnownFileType = file.xib; path = AutolayoutTableViewCell.xib; sourceTree = "<group>"; };
		271DD4641F1FBF2200AB306D /* AutolayoutTableViewController.h */ = {isa = PBXFileReference; fileEncoding = 4; lastKnownFileType = sourcecode.c.h; path = AutolayoutTableViewController.h; sourceTree = "<group>"; };
		271DD4651F1FBF2200AB306D /* AutolayoutTableViewController.m */ = {isa = PBXFileReference; fileEncoding = 4; lastKnownFileType = sourcecode.c.objc; path = AutolayoutTableViewController.m; sourceTree = "<group>"; };
		271DD4671F1FBF2200AB306D /* CountHeightTableViewController.h */ = {isa = PBXFileReference; fileEncoding = 4; lastKnownFileType = sourcecode.c.h; path = CountHeightTableViewController.h; sourceTree = "<group>"; };
		271DD4681F1FBF2200AB306D /* CountHeightTableViewController.m */ = {isa = PBXFileReference; fileEncoding = 4; lastKnownFileType = sourcecode.c.objc; path = CountHeightTableViewController.m; sourceTree = "<group>"; };
		271DD46A1F1FBF2200AB306D /* FrameCountTableViewController.h */ = {isa = PBXFileReference; fileEncoding = 4; lastKnownFileType = sourcecode.c.h; path = FrameCountTableViewController.h; sourceTree = "<group>"; };
		271DD46B1F1FBF2200AB306D /* FrameCountTableViewController.m */ = {isa = PBXFileReference; fileEncoding = 4; lastKnownFileType = sourcecode.c.objc; path = FrameCountTableViewController.m; sourceTree = "<group>"; };
		271DD46C1F1FBF2200AB306D /* FrameLayoutTableViewCell.h */ = {isa = PBXFileReference; fileEncoding = 4; lastKnownFileType = sourcecode.c.h; path = FrameLayoutTableViewCell.h; sourceTree = "<group>"; };
		271DD46D1F1FBF2200AB306D /* FrameLayoutTableViewCell.m */ = {isa = PBXFileReference; fileEncoding = 4; lastKnownFileType = sourcecode.c.objc; path = FrameLayoutTableViewCell.m; sourceTree = "<group>"; };
		271DD46E1F1FBF2200AB306D /* MainTableViewController.h */ = {isa = PBXFileReference; fileEncoding = 4; lastKnownFileType = sourcecode.c.h; path = MainTableViewController.h; sourceTree = "<group>"; };
		271DD46F1F1FBF2200AB306D /* MainTableViewController.m */ = {isa = PBXFileReference; fileEncoding = 4; lastKnownFileType = sourcecode.c.objc; path = MainTableViewController.m; sourceTree = "<group>"; };
		271DD4711F1FBF2200AB306D /* SuperTableViewCell.h */ = {isa = PBXFileReference; fileEncoding = 4; lastKnownFileType = sourcecode.c.h; path = SuperTableViewCell.h; sourceTree = "<group>"; };
		271DD4721F1FBF2200AB306D /* SuperTableViewCell.m */ = {isa = PBXFileReference; fileEncoding = 4; lastKnownFileType = sourcecode.c.objc; path = SuperTableViewCell.m; sourceTree = "<group>"; };
		271DD4731F1FBF2200AB306D /* SuperTableViewController.h */ = {isa = PBXFileReference; fileEncoding = 4; lastKnownFileType = sourcecode.c.h; path = SuperTableViewController.h; sourceTree = "<group>"; };
		271DD4741F1FBF2200AB306D /* SuperTableViewController.m */ = {isa = PBXFileReference; fileEncoding = 4; lastKnownFileType = sourcecode.c.objc; path = SuperTableViewController.m; sourceTree = "<group>"; };
		271DD4761F1FBF2200AB306D /* YYKitTableViewCell.h */ = {isa = PBXFileReference; fileEncoding = 4; lastKnownFileType = sourcecode.c.h; path = YYKitTableViewCell.h; sourceTree = "<group>"; };
		271DD4771F1FBF2200AB306D /* YYKitTableViewCell.m */ = {isa = PBXFileReference; fileEncoding = 4; lastKnownFileType = sourcecode.c.objc; path = YYKitTableViewCell.m; sourceTree = "<group>"; };
		271DD4781F1FBF2200AB306D /* YYKitTableViewController.h */ = {isa = PBXFileReference; fileEncoding = 4; lastKnownFileType = sourcecode.c.h; path = YYKitTableViewController.h; sourceTree = "<group>"; };
		271DD4791F1FBF2200AB306D /* YYKitTableViewController.m */ = {isa = PBXFileReference; fileEncoding = 4; lastKnownFileType = sourcecode.c.objc; path = YYKitTableViewController.m; sourceTree = "<group>"; };
		274ED9EE1F1F68C40021FEA6 /* JPDisplayLayout.app */ = {isa = PBXFileReference; explicitFileType = wrapper.application; includeInIndex = 0; path = JPDisplayLayout.app; sourceTree = BUILT_PRODUCTS_DIR; };
		274ED9F21F1F68C40021FEA6 /* main.m */ = {isa = PBXFileReference; lastKnownFileType = sourcecode.c.objc; path = main.m; sourceTree = "<group>"; };
		274ED9F41F1F68C40021FEA6 /* AppDelegate.h */ = {isa = PBXFileReference; lastKnownFileType = sourcecode.c.h; path = AppDelegate.h; sourceTree = "<group>"; };
		274ED9F51F1F68C40021FEA6 /* AppDelegate.m */ = {isa = PBXFileReference; lastKnownFileType = sourcecode.c.objc; path = AppDelegate.m; sourceTree = "<group>"; };
		274ED9FB1F1F68C40021FEA6 /* Base */ = {isa = PBXFileReference; lastKnownFileType = file.storyboard; name = Base; path = Base.lproj/Main.storyboard; sourceTree = "<group>"; };
		274EDA001F1F68C40021FEA6 /* Assets.xcassets */ = {isa = PBXFileReference; lastKnownFileType = folder.assetcatalog; path = Assets.xcassets; sourceTree = "<group>"; };
		274EDA031F1F68C40021FEA6 /* Base */ = {isa = PBXFileReference; lastKnownFileType = file.storyboard; name = Base; path = Base.lproj/LaunchScreen.storyboard; sourceTree = "<group>"; };
		274EDA051F1F68C40021FEA6 /* Info.plist */ = {isa = PBXFileReference; lastKnownFileType = text.plist.xml; path = Info.plist; sourceTree = "<group>"; };
		274EDA0A1F1F68C40021FEA6 /* JPDisplayLayoutTests.xctest */ = {isa = PBXFileReference; explicitFileType = wrapper.cfbundle; includeInIndex = 0; path = JPDisplayLayoutTests.xctest; sourceTree = BUILT_PRODUCTS_DIR; };
		274EDA151F1F68C40021FEA6 /* JPDisplayLayoutUITests.xctest */ = {isa = PBXFileReference; explicitFileType = wrapper.cfbundle; includeInIndex = 0; path = JPDisplayLayoutUITests.xctest; sourceTree = BUILT_PRODUCTS_DIR; };
		274EDA2A1F1F95930021FEA6 /* FPSDisplay.h */ = {isa = PBXFileReference; fileEncoding = 4; lastKnownFileType = sourcecode.c.h; path = FPSDisplay.h; sourceTree = "<group>"; };
		274EDA2B1F1F95930021FEA6 /* FPSDisplay.m */ = {isa = PBXFileReference; fileEncoding = 4; lastKnownFileType = sourcecode.c.objc; path = FPSDisplay.m; sourceTree = "<group>"; };
		274EDA2C1F1F95930021FEA6 /* ImageCache.h */ = {isa = PBXFileReference; fileEncoding = 4; lastKnownFileType = sourcecode.c.h; path = ImageCache.h; sourceTree = "<group>"; };
		274EDA2D1F1F95930021FEA6 /* ImageCache.m */ = {isa = PBXFileReference; fileEncoding = 4; lastKnownFileType = sourcecode.c.objc; path = ImageCache.m; sourceTree = "<group>"; };
		274EDA2E1F1F95930021FEA6 /* UIView+Frame.h */ = {isa = PBXFileReference; fileEncoding = 4; lastKnownFileType = sourcecode.c.h; path = "UIView+Frame.h"; sourceTree = "<group>"; };
		274EDA2F1F1F95930021FEA6 /* UIView+Frame.m */ = {isa = PBXFileReference; fileEncoding = 4; lastKnownFileType = sourcecode.c.objc; path = "UIView+Frame.m"; sourceTree = "<group>"; };
		8795F1A39CF50854A72BC6FB /* libPods-JPDisplayLayout.a */ = {isa = PBXFileReference; explicitFileType = archive.ar; includeInIndex = 0; path = "libPods-JPDisplayLayout.a"; sourceTree = BUILT_PRODUCTS_DIR; };
		CFF730488CAB677A6AB84DE8 /* Pods-JPDisplayLayout.release.xcconfig */ = {isa = PBXFileReference; includeInIndex = 1; lastKnownFileType = text.xcconfig; name = "Pods-JPDisplayLayout.release.xcconfig"; path = "Pods/Target Support Files/Pods-JPDisplayLayout/Pods-JPDisplayLayout.release.xcconfig"; sourceTree = "<group>"; };
		DCD5889327B39740968229A3 /* Pods-JPDisplayLayout.debug.xcconfig */ = {isa = PBXFileReference; includeInIndex = 1; lastKnownFileType = text.xcconfig; name = "Pods-JPDisplayLayout.debug.xcconfig"; path = "Pods/Target Support Files/Pods-JPDisplayLayout/Pods-JPDisplayLayout.debug.xcconfig"; sourceTree = "<group>"; };
/* End PBXFileReference section */

/* Begin PBXFrameworksBuildPhase section */
		274ED9EB1F1F68C40021FEA6 /* Frameworks */ = {
			isa = PBXFrameworksBuildPhase;
			buildActionMask = 2147483647;
			files = (
				484AC01EBF04AB5B3F2306AE /* libPods-JPDisplayLayout.a in Frameworks */,
			);
			runOnlyForDeploymentPostprocessing = 0;
		};
		274EDA071F1F68C40021FEA6 /* Frameworks */ = {
			isa = PBXFrameworksBuildPhase;
			buildActionMask = 2147483647;
			files = (
			);
			runOnlyForDeploymentPostprocessing = 0;
		};
		274EDA121F1F68C40021FEA6 /* Frameworks */ = {
			isa = PBXFrameworksBuildPhase;
			buildActionMask = 2147483647;
			files = (
			);
			runOnlyForDeploymentPostprocessing = 0;
		};
/* End PBXFrameworksBuildPhase section */

/* Begin PBXGroup section */
		271DD3531F1F994A00AB306D /* Model */ = {
			isa = PBXGroup;
			children = (
				271DD35F1F1FAFD600AB306D /* DataSupport.h */,
				271DD3601F1FAFD600AB306D /* DataSupport.m */,
				271DD3541F1F995F00AB306D /* TestDataModel.h */,
				271DD3551F1F995F00AB306D /* TestDataModel.m */,
			);
			path = Model;
			sourceTree = "<group>";
		};
		271DD45A1F1FBF2200AB306D /* ViewController */ = {
			isa = PBXGroup;
			children = (
				271DD46E1F1FBF2200AB306D /* MainTableViewController.h */,
				271DD46F1F1FBF2200AB306D /* MainTableViewController.m */,
				271DD4701F1FBF2200AB306D /* SuperTableViewController */,
				271DD4601F1FBF2200AB306D /* AutolayoutTableViewController */,
				271DD4661F1FBF2200AB306D /* CountHeightTableViewController */,
				271DD4691F1FBF2200AB306D /* FrameCountTableViewController */,
				271DD45B1F1FBF2200AB306D /* AsyncDisplayKitTableViewController */,
				271DD4751F1FBF2200AB306D /* YYKitTableViewController */,
			);
			path = ViewController;
			sourceTree = "<group>";
		};
		271DD45B1F1FBF2200AB306D /* AsyncDisplayKitTableViewController */ = {
			isa = PBXGroup;
			children = (
				271DD45C1F1FBF2200AB306D /* AsyncDisplayKitTableViewCell.h */,
				271DD45D1F1FBF2200AB306D /* AsyncDisplayKitTableViewCell.m */,
				271DD45E1F1FBF2200AB306D /* AsyncDisplayKitTableViewController.h */,
				271DD45F1F1FBF2200AB306D /* AsyncDisplayKitTableViewController.m */,
			);
			path = AsyncDisplayKitTableViewController;
			sourceTree = "<group>";
		};
		271DD4601F1FBF2200AB306D /* AutolayoutTableViewController */ = {
			isa = PBXGroup;
			children = (
				271DD4611F1FBF2200AB306D /* AutolayoutTableViewCell.h */,
				271DD4621F1FBF2200AB306D /* AutolayoutTableViewCell.m */,
				271DD4631F1FBF2200AB306D /* AutolayoutTableViewCell.xib */,
				271DD4641F1FBF2200AB306D /* AutolayoutTableViewController.h */,
				271DD4651F1FBF2200AB306D /* AutolayoutTableViewController.m */,
			);
			path = AutolayoutTableViewController;
			sourceTree = "<group>";
		};
		271DD4661F1FBF2200AB306D /* CountHeightTableViewController */ = {
			isa = PBXGroup;
			children = (
				271DD4671F1FBF2200AB306D /* CountHeightTableViewController.h */,
				271DD4681F1FBF2200AB306D /* CountHeightTableViewController.m */,
			);
			path = CountHeightTableViewController;
			sourceTree = "<group>";
		};
		271DD4691F1FBF2200AB306D /* FrameCountTableViewController */ = {
			isa = PBXGroup;
			children = (
				271DD46A1F1FBF2200AB306D /* FrameCountTableViewController.h */,
				271DD46B1F1FBF2200AB306D /* FrameCountTableViewController.m */,
				271DD46C1F1FBF2200AB306D /* FrameLayoutTableViewCell.h */,
				271DD46D1F1FBF2200AB306D /* FrameLayoutTableViewCell.m */,
			);
			path = FrameCountTableViewController;
			sourceTree = "<group>";
		};
		271DD4701F1FBF2200AB306D /* SuperTableViewController */ = {
			isa = PBXGroup;
			children = (
				271DD4711F1FBF2200AB306D /* SuperTableViewCell.h */,
				271DD4721F1FBF2200AB306D /* SuperTableViewCell.m */,
				271DD4731F1FBF2200AB306D /* SuperTableViewController.h */,
				271DD4741F1FBF2200AB306D /* SuperTableViewController.m */,
			);
			path = SuperTableViewController;
			sourceTree = "<group>";
		};
		271DD4751F1FBF2200AB306D /* YYKitTableViewController */ = {
			isa = PBXGroup;
			children = (
				271DD4761F1FBF2200AB306D /* YYKitTableViewCell.h */,
				271DD4771F1FBF2200AB306D /* YYKitTableViewCell.m */,
				271DD4781F1FBF2200AB306D /* YYKitTableViewController.h */,
				271DD4791F1FBF2200AB306D /* YYKitTableViewController.m */,
			);
			path = YYKitTableViewController;
			sourceTree = "<group>";
		};
		274ED9E51F1F68C40021FEA6 = {
			isa = PBXGroup;
			children = (
				274ED9F01F1F68C40021FEA6 /* JPDisplayLayout */,
				274ED9EF1F1F68C40021FEA6 /* Products */,
				A50C69778DFD2D08C6E12491 /* Pods */,
				3ACAB3C66CBAD4149AA51069 /* Frameworks */,
			);
			sourceTree = "<group>";
		};
		274ED9EF1F1F68C40021FEA6 /* Products */ = {
			isa = PBXGroup;
			children = (
				274ED9EE1F1F68C40021FEA6 /* JPDisplayLayout.app */,
				274EDA0A1F1F68C40021FEA6 /* JPDisplayLayoutTests.xctest */,
				274EDA151F1F68C40021FEA6 /* JPDisplayLayoutUITests.xctest */,
			);
			name = Products;
			sourceTree = "<group>";
		};
		274ED9F01F1F68C40021FEA6 /* JPDisplayLayout */ = {
			isa = PBXGroup;
			children = (
				271DD3531F1F994A00AB306D /* Model */,
				274EDA271F1F95930021FEA6 /* Tools */,
				274ED9F41F1F68C40021FEA6 /* AppDelegate.h */,
				274ED9F51F1F68C40021FEA6 /* AppDelegate.m */,
				271DD45A1F1FBF2200AB306D /* ViewController */,
				274ED9FA1F1F68C40021FEA6 /* Main.storyboard */,
				274EDA001F1F68C40021FEA6 /* Assets.xcassets */,
				274EDA021F1F68C40021FEA6 /* LaunchScreen.storyboard */,
				274EDA051F1F68C40021FEA6 /* Info.plist */,
				271DD3581F1F9AE300AB306D /* PrefixHeader.pch */,
				274ED9F11F1F68C40021FEA6 /* Supporting Files */,
			);
			path = JPDisplayLayout;
			sourceTree = "<group>";
		};
		274ED9F11F1F68C40021FEA6 /* Supporting Files */ = {
			isa = PBXGroup;
			children = (
				274ED9F21F1F68C40021FEA6 /* main.m */,
			);
			name = "Supporting Files";
			sourceTree = "<group>";
		};
		274EDA271F1F95930021FEA6 /* Tools */ = {
			isa = PBXGroup;
			children = (
				274EDA2A1F1F95930021FEA6 /* FPSDisplay.h */,
				274EDA2B1F1F95930021FEA6 /* FPSDisplay.m */,
				274EDA2C1F1F95930021FEA6 /* ImageCache.h */,
				274EDA2D1F1F95930021FEA6 /* ImageCache.m */,
				274EDA2E1F1F95930021FEA6 /* UIView+Frame.h */,
				274EDA2F1F1F95930021FEA6 /* UIView+Frame.m */,
			);
			path = Tools;
			sourceTree = "<group>";
		};
		3ACAB3C66CBAD4149AA51069 /* Frameworks */ = {
			isa = PBXGroup;
			children = (
				8795F1A39CF50854A72BC6FB /* libPods-JPDisplayLayout.a */,
			);
			name = Frameworks;
			sourceTree = "<group>";
		};
		A50C69778DFD2D08C6E12491 /* Pods */ = {
			isa = PBXGroup;
			children = (
				DCD5889327B39740968229A3 /* Pods-JPDisplayLayout.debug.xcconfig */,
				CFF730488CAB677A6AB84DE8 /* Pods-JPDisplayLayout.release.xcconfig */,
			);
			name = Pods;
			sourceTree = "<group>";
		};
/* End PBXGroup section */

/* Begin PBXNativeTarget section */
		274ED9ED1F1F68C40021FEA6 /* JPDisplayLayout */ = {
			isa = PBXNativeTarget;
			buildConfigurationList = 274EDA1E1F1F68C50021FEA6 /* Build configuration list for PBXNativeTarget "JPDisplayLayout" */;
			buildPhases = (
				5F7CE16CB7AA57205180C0CE /* [CP] Check Pods Manifest.lock */,
				274ED9EA1F1F68C40021FEA6 /* Sources */,
				274ED9EB1F1F68C40021FEA6 /* Frameworks */,
				274ED9EC1F1F68C40021FEA6 /* Resources */,
				70B67298F45EFE3E54B78320 /* [CP] Embed Pods Frameworks */,
				9348F9F2519E732C2BCDB771 /* [CP] Copy Pods Resources */,
			);
			buildRules = (
			);
			dependencies = (
			);
			name = JPDisplayLayout;
			productName = JPDisplayLayout;
			productReference = 274ED9EE1F1F68C40021FEA6 /* JPDisplayLayout.app */;
			productType = "com.apple.product-type.application";
		};
		274EDA091F1F68C40021FEA6 /* JPDisplayLayoutTests */ = {
			isa = PBXNativeTarget;
			buildConfigurationList = 274EDA211F1F68C50021FEA6 /* Build configuration list for PBXNativeTarget "JPDisplayLayoutTests" */;
			buildPhases = (
				274EDA061F1F68C40021FEA6 /* Sources */,
				274EDA071F1F68C40021FEA6 /* Frameworks */,
				274EDA081F1F68C40021FEA6 /* Resources */,
			);
			buildRules = (
			);
			dependencies = (
				274EDA0C1F1F68C40021FEA6 /* PBXTargetDependency */,
			);
			name = JPDisplayLayoutTests;
			productName = JPDisplayLayoutTests;
			productReference = 274EDA0A1F1F68C40021FEA6 /* JPDisplayLayoutTests.xctest */;
			productType = "com.apple.product-type.bundle.unit-test";
		};
		274EDA141F1F68C40021FEA6 /* JPDisplayLayoutUITests */ = {
			isa = PBXNativeTarget;
			buildConfigurationList = 274EDA241F1F68C50021FEA6 /* Build configuration list for PBXNativeTarget "JPDisplayLayoutUITests" */;
			buildPhases = (
				274EDA111F1F68C40021FEA6 /* Sources */,
				274EDA121F1F68C40021FEA6 /* Frameworks */,
				274EDA131F1F68C40021FEA6 /* Resources */,
			);
			buildRules = (
			);
			dependencies = (
				274EDA171F1F68C40021FEA6 /* PBXTargetDependency */,
			);
			name = JPDisplayLayoutUITests;
			productName = JPDisplayLayoutUITests;
			productReference = 274EDA151F1F68C40021FEA6 /* JPDisplayLayoutUITests.xctest */;
			productType = "com.apple.product-type.bundle.ui-testing";
		};
/* End PBXNativeTarget section */

/* Begin PBXProject section */
		274ED9E61F1F68C40021FEA6 /* Project object */ = {
			isa = PBXProject;
			attributes = {
				LastUpgradeCheck = 0830;
				ORGANIZATIONNAME = "贾鹏";
				TargetAttributes = {
					274ED9ED1F1F68C40021FEA6 = {
						CreatedOnToolsVersion = 8.3.3;
						DevelopmentTeam = EDG77N5CNZ;
						ProvisioningStyle = Automatic;
					};
					274EDA091F1F68C40021FEA6 = {
						CreatedOnToolsVersion = 8.3.3;
						DevelopmentTeam = EDG77N5CNZ;
						ProvisioningStyle = Automatic;
						TestTargetID = 274ED9ED1F1F68C40021FEA6;
					};
					274EDA141F1F68C40021FEA6 = {
						CreatedOnToolsVersion = 8.3.3;
						DevelopmentTeam = EDG77N5CNZ;
						ProvisioningStyle = Automatic;
						TestTargetID = 274ED9ED1F1F68C40021FEA6;
					};
				};
			};
			buildConfigurationList = 274ED9E91F1F68C40021FEA6 /* Build configuration list for PBXProject "JPDisplayLayout" */;
			compatibilityVersion = "Xcode 3.2";
			developmentRegion = English;
			hasScannedForEncodings = 0;
			knownRegions = (
				en,
				Base,
			);
			mainGroup = 274ED9E51F1F68C40021FEA6;
			productRefGroup = 274ED9EF1F1F68C40021FEA6 /* Products */;
			projectDirPath = "";
			projectRoot = "";
			targets = (
				274ED9ED1F1F68C40021FEA6 /* JPDisplayLayout */,
				274EDA091F1F68C40021FEA6 /* JPDisplayLayoutTests */,
				274EDA141F1F68C40021FEA6 /* JPDisplayLayoutUITests */,
			);
		};
/* End PBXProject section */

/* Begin PBXResourcesBuildPhase section */
		274ED9EC1F1F68C40021FEA6 /* Resources */ = {
			isa = PBXResourcesBuildPhase;
			buildActionMask = 2147483647;
			files = (
				274EDA041F1F68C40021FEA6 /* LaunchScreen.storyboard in Resources */,
				274EDA011F1F68C40021FEA6 /* Assets.xcassets in Resources */,
				271DD47D1F1FBF2200AB306D /* AutolayoutTableViewCell.xib in Resources */,
				274ED9FC1F1F68C40021FEA6 /* Main.storyboard in Resources */,
			);
			runOnlyForDeploymentPostprocessing = 0;
		};
		274EDA081F1F68C40021FEA6 /* Resources */ = {
			isa = PBXResourcesBuildPhase;
			buildActionMask = 2147483647;
			files = (
			);
			runOnlyForDeploymentPostprocessing = 0;
		};
		274EDA131F1F68C40021FEA6 /* Resources */ = {
			isa = PBXResourcesBuildPhase;
			buildActionMask = 2147483647;
			files = (
			);
			runOnlyForDeploymentPostprocessing = 0;
		};
/* End PBXResourcesBuildPhase section */

/* Begin PBXShellScriptBuildPhase section */
		5F7CE16CB7AA57205180C0CE /* [CP] Check Pods Manifest.lock */ = {
			isa = PBXShellScriptBuildPhase;
			buildActionMask = 2147483647;
			files = (
			);
			inputPaths = (
			);
			name = "[CP] Check Pods Manifest.lock";
			outputPaths = (
			);
			runOnlyForDeploymentPostprocessing = 0;
			shellPath = /bin/sh;
			shellScript = "diff \"${PODS_PODFILE_DIR_PATH}/Podfile.lock\" \"${PODS_ROOT}/Manifest.lock\" > /dev/null\nif [ $? != 0 ] ; then\n    # print error to STDERR\n    echo \"error: The sandbox is not in sync with the Podfile.lock. Run 'pod install' or update your CocoaPods installation.\" >&2\n    exit 1\nfi\n";
			showEnvVarsInLog = 0;
		};
		70B67298F45EFE3E54B78320 /* [CP] Embed Pods Frameworks */ = {
			isa = PBXShellScriptBuildPhase;
			buildActionMask = 2147483647;
			files = (
			);
			inputPaths = (
			);
			name = "[CP] Embed Pods Frameworks";
			outputPaths = (
			);
			runOnlyForDeploymentPostprocessing = 0;
			shellPath = /bin/sh;
			shellScript = "\"${SRCROOT}/Pods/Target Support Files/Pods-JPDisplayLayout/Pods-JPDisplayLayout-frameworks.sh\"\n";
			showEnvVarsInLog = 0;
		};
		9348F9F2519E732C2BCDB771 /* [CP] Copy Pods Resources */ = {
			isa = PBXShellScriptBuildPhase;
			buildActionMask = 2147483647;
			files = (
			);
			inputPaths = (
			);
			name = "[CP] Copy Pods Resources";
			outputPaths = (
			);
			runOnlyForDeploymentPostprocessing = 0;
			shellPath = /bin/sh;
			shellScript = "\"${SRCROOT}/Pods/Target Support Files/Pods-JPDisplayLayout/Pods-JPDisplayLayout-resources.sh\"\n";
			showEnvVarsInLog = 0;
		};
/* End PBXShellScriptBuildPhase section */

/* Begin PBXSourcesBuildPhase section */
		274ED9EA1F1F68C40021FEA6 /* Sources */ = {
			isa = PBXSourcesBuildPhase;
			buildActionMask = 2147483647;
			files = (
				271DD47F1F1FBF2200AB306D /* CountHeightTableViewController.m in Sources */,
				271DD4831F1FBF2200AB306D /* SuperTableViewCell.m in Sources */,
				271DD4861F1FBF2200AB306D /* YYKitTableViewController.m in Sources */,
				271DD47A1F1FBF2200AB306D /* AsyncDisplayKitTableViewCell.m in Sources */,
				271DD3611F1FAFD600AB306D /* DataSupport.m in Sources */,
				271DD47E1F1FBF2200AB306D /* AutolayoutTableViewController.m in Sources */,
				274EDA311F1F95930021FEA6 /* FPSDisplay.m in Sources */,
				274ED9F61F1F68C40021FEA6 /* AppDelegate.m in Sources */,
				271DD47C1F1FBF2200AB306D /* AutolayoutTableViewCell.m in Sources */,
				274EDA331F1F95930021FEA6 /* UIView+Frame.m in Sources */,
				271DD4821F1FBF2200AB306D /* MainTableViewController.m in Sources */,
				274ED9F31F1F68C40021FEA6 /* main.m in Sources */,
				271DD3561F1F995F00AB306D /* TestDataModel.m in Sources */,
				271DD47B1F1FBF2200AB306D /* AsyncDisplayKitTableViewController.m in Sources */,
				271DD4801F1FBF2200AB306D /* FrameCountTableViewController.m in Sources */,
				271DD4851F1FBF2200AB306D /* YYKitTableViewCell.m in Sources */,
				274EDA321F1F95930021FEA6 /* ImageCache.m in Sources */,
				271DD4841F1FBF2200AB306D /* SuperTableViewController.m in Sources */,
				271DD4811F1FBF2200AB306D /* FrameLayoutTableViewCell.m in Sources */,
			);
			runOnlyForDeploymentPostprocessing = 0;
		};
		274EDA061F1F68C40021FEA6 /* Sources */ = {
			isa = PBXSourcesBuildPhase;
			buildActionMask = 2147483647;
			files = (
			);
			runOnlyForDeploymentPostprocessing = 0;
		};
		274EDA111F1F68C40021FEA6 /* Sources */ = {
			isa = PBXSourcesBuildPhase;
			buildActionMask = 2147483647;
			files = (
			);
			runOnlyForDeploymentPostprocessing = 0;
		};
/* End PBXSourcesBuildPhase section */

/* Begin PBXTargetDependency section */
		274EDA0C1F1F68C40021FEA6 /* PBXTargetDependency */ = {
			isa = PBXTargetDependency;
			target = 274ED9ED1F1F68C40021FEA6 /* JPDisplayLayout */;
			targetProxy = 274EDA0B1F1F68C40021FEA6 /* PBXContainerItemProxy */;
		};
		274EDA171F1F68C40021FEA6 /* PBXTargetDependency */ = {
			isa = PBXTargetDependency;
			target = 274ED9ED1F1F68C40021FEA6 /* JPDisplayLayout */;
			targetProxy = 274EDA161F1F68C40021FEA6 /* PBXContainerItemProxy */;
		};
/* End PBXTargetDependency section */

/* Begin PBXVariantGroup section */
		274ED9FA1F1F68C40021FEA6 /* Main.storyboard */ = {
			isa = PBXVariantGroup;
			children = (
				274ED9FB1F1F68C40021FEA6 /* Base */,
			);
			name = Main.storyboard;
			sourceTree = "<group>";
		};
		274EDA021F1F68C40021FEA6 /* LaunchScreen.storyboard */ = {
			isa = PBXVariantGroup;
			children = (
				274EDA031F1F68C40021FEA6 /* Base */,
			);
			name = LaunchScreen.storyboard;
			sourceTree = "<group>";
		};
/* End PBXVariantGroup section */

/* Begin XCBuildConfiguration section */
		274EDA1C1F1F68C50021FEA6 /* Debug */ = {
			isa = XCBuildConfiguration;
			buildSettings = {
				ALWAYS_SEARCH_USER_PATHS = NO;
				CLANG_ANALYZER_NONNULL = YES;
				CLANG_ANALYZER_NUMBER_OBJECT_CONVERSION = YES_AGGRESSIVE;
				CLANG_CXX_LANGUAGE_STANDARD = "gnu++0x";
				CLANG_CXX_LIBRARY = "libc++";
				CLANG_ENABLE_MODULES = YES;
				CLANG_ENABLE_OBJC_ARC = YES;
				CLANG_WARN_BOOL_CONVERSION = YES;
				CLANG_WARN_CONSTANT_CONVERSION = YES;
				CLANG_WARN_DIRECT_OBJC_ISA_USAGE = YES_ERROR;
				CLANG_WARN_DOCUMENTATION_COMMENTS = YES;
				CLANG_WARN_EMPTY_BODY = YES;
				CLANG_WARN_ENUM_CONVERSION = YES;
				CLANG_WARN_INFINITE_RECURSION = YES;
				CLANG_WARN_INT_CONVERSION = YES;
				CLANG_WARN_OBJC_ROOT_CLASS = YES_ERROR;
				CLANG_WARN_SUSPICIOUS_MOVE = YES;
				CLANG_WARN_UNREACHABLE_CODE = YES;
				CLANG_WARN__DUPLICATE_METHOD_MATCH = YES;
				"CODE_SIGN_IDENTITY[sdk=iphoneos*]" = "iPhone Developer";
				COPY_PHASE_STRIP = NO;
				DEBUG_INFORMATION_FORMAT = dwarf;
				ENABLE_STRICT_OBJC_MSGSEND = YES;
				ENABLE_TESTABILITY = YES;
				GCC_C_LANGUAGE_STANDARD = gnu99;
				GCC_DYNAMIC_NO_PIC = NO;
				GCC_NO_COMMON_BLOCKS = YES;
				GCC_OPTIMIZATION_LEVEL = 0;
				GCC_PREPROCESSOR_DEFINITIONS = (
					"DEBUG=1",
					"$(inherited)",
				);
				GCC_WARN_64_TO_32_BIT_CONVERSION = YES;
				GCC_WARN_ABOUT_RETURN_TYPE = YES_ERROR;
				GCC_WARN_UNDECLARED_SELECTOR = YES;
				GCC_WARN_UNINITIALIZED_AUTOS = YES_AGGRESSIVE;
				GCC_WARN_UNUSED_FUNCTION = YES;
				GCC_WARN_UNUSED_VARIABLE = YES;
				IPHONEOS_DEPLOYMENT_TARGET = 10.3;
				MTL_ENABLE_DEBUG_INFO = YES;
				ONLY_ACTIVE_ARCH = YES;
				SDKROOT = iphoneos;
				TARGETED_DEVICE_FAMILY = "1,2";
			};
			name = Debug;
		};
		274EDA1D1F1F68C50021FEA6 /* Release */ = {
			isa = XCBuildConfiguration;
			buildSettings = {
				ALWAYS_SEARCH_USER_PATHS = NO;
				CLANG_ANALYZER_NONNULL = YES;
				CLANG_ANALYZER_NUMBER_OBJECT_CONVERSION = YES_AGGRESSIVE;
				CLANG_CXX_LANGUAGE_STANDARD = "gnu++0x";
				CLANG_CXX_LIBRARY = "libc++";
				CLANG_ENABLE_MODULES = YES;
				CLANG_ENABLE_OBJC_ARC = YES;
				CLANG_WARN_BOOL_CONVERSION = YES;
				CLANG_WARN_CONSTANT_CONVERSION = YES;
				CLANG_WARN_DIRECT_OBJC_ISA_USAGE = YES_ERROR;
				CLANG_WARN_DOCUMENTATION_COMMENTS = YES;
				CLANG_WARN_EMPTY_BODY = YES;
				CLANG_WARN_ENUM_CONVERSION = YES;
				CLANG_WARN_INFINITE_RECURSION = YES;
				CLANG_WARN_INT_CONVERSION = YES;
				CLANG_WARN_OBJC_ROOT_CLASS = YES_ERROR;
				CLANG_WARN_SUSPICIOUS_MOVE = YES;
				CLANG_WARN_UNREACHABLE_CODE = YES;
				CLANG_WARN__DUPLICATE_METHOD_MATCH = YES;
				"CODE_SIGN_IDENTITY[sdk=iphoneos*]" = "iPhone Developer";
				COPY_PHASE_STRIP = NO;
				DEBUG_INFORMATION_FORMAT = "dwarf-with-dsym";
				ENABLE_NS_ASSERTIONS = NO;
				ENABLE_STRICT_OBJC_MSGSEND = YES;
				GCC_C_LANGUAGE_STANDARD = gnu99;
				GCC_NO_COMMON_BLOCKS = YES;
				GCC_WARN_64_TO_32_BIT_CONVERSION = YES;
				GCC_WARN_ABOUT_RETURN_TYPE = YES_ERROR;
				GCC_WARN_UNDECLARED_SELECTOR = YES;
				GCC_WARN_UNINITIALIZED_AUTOS = YES_AGGRESSIVE;
				GCC_WARN_UNUSED_FUNCTION = YES;
				GCC_WARN_UNUSED_VARIABLE = YES;
				IPHONEOS_DEPLOYMENT_TARGET = 10.3;
				MTL_ENABLE_DEBUG_INFO = NO;
				SDKROOT = iphoneos;
				TARGETED_DEVICE_FAMILY = "1,2";
				VALIDATE_PRODUCT = YES;
			};
			name = Release;
		};
		274EDA1F1F1F68C50021FEA6 /* Debug */ = {
			isa = XCBuildConfiguration;
			baseConfigurationReference = DCD5889327B39740968229A3 /* Pods-JPDisplayLayout.debug.xcconfig */;
			buildSettings = {
				ASSETCATALOG_COMPILER_APPICON_NAME = AppIcon;
				DEVELOPMENT_TEAM = EDG77N5CNZ;
				GCC_PRECOMPILE_PREFIX_HEADER = YES;
				GCC_PREFIX_HEADER = JPDisplayLayout/PrefixHeader.pch;
				INFOPLIST_FILE = JPDisplayLayout/Info.plist;
				LD_RUNPATH_SEARCH_PATHS = "$(inherited) @executable_path/Frameworks";
				PRODUCT_BUNDLE_IDENTIFIER = com.wangzi.JPDisplayLayout;
				PRODUCT_NAME = "$(TARGET_NAME)";
			};
			name = Debug;
		};
		274EDA201F1F68C50021FEA6 /* Release */ = {
			isa = XCBuildConfiguration;
			baseConfigurationReference = CFF730488CAB677A6AB84DE8 /* Pods-JPDisplayLayout.release.xcconfig */;
			buildSettings = {
				ASSETCATALOG_COMPILER_APPICON_NAME = AppIcon;
				DEVELOPMENT_TEAM = EDG77N5CNZ;
				GCC_PRECOMPILE_PREFIX_HEADER = YES;
				GCC_PREFIX_HEADER = JPDisplayLayout/PrefixHeader.pch;
				INFOPLIST_FILE = JPDisplayLayout/Info.plist;
				LD_RUNPATH_SEARCH_PATHS = "$(inherited) @executable_path/Frameworks";
				PRODUCT_BUNDLE_IDENTIFIER = com.wangzi.JPDisplayLayout;
				PRODUCT_NAME = "$(TARGET_NAME)";
			};
			name = Release;
		};
		274EDA221F1F68C50021FEA6 /* Debug */ = {
			isa = XCBuildConfiguration;
			buildSettings = {
				BUNDLE_LOADER = "$(TEST_HOST)";
				DEVELOPMENT_TEAM = EDG77N5CNZ;
				INFOPLIST_FILE = JPDisplayLayoutTests/Info.plist;
				LD_RUNPATH_SEARCH_PATHS = "$(inherited) @executable_path/Frameworks @loader_path/Frameworks";
				PRODUCT_BUNDLE_IDENTIFIER = com.wangzi.JPDisplayLayoutTests;
				PRODUCT_NAME = "$(TARGET_NAME)";
				TEST_HOST = "$(BUILT_PRODUCTS_DIR)/JPDisplayLayout.app/JPDisplayLayout";
			};
			name = Debug;
		};
		274EDA231F1F68C50021FEA6 /* Release */ = {
			isa = XCBuildConfiguration;
			buildSettings = {
				BUNDLE_LOADER = "$(TEST_HOST)";
				DEVELOPMENT_TEAM = EDG77N5CNZ;
				INFOPLIST_FILE = JPDisplayLayoutTests/Info.plist;
				LD_RUNPATH_SEARCH_PATHS = "$(inherited) @executable_path/Frameworks @loader_path/Frameworks";
				PRODUCT_BUNDLE_IDENTIFIER = com.wangzi.JPDisplayLayoutTests;
				PRODUCT_NAME = "$(TARGET_NAME)";
				TEST_HOST = "$(BUILT_PRODUCTS_DIR)/JPDisplayLayout.app/JPDisplayLayout";
			};
			name = Release;
		};
		274EDA251F1F68C50021FEA6 /* Debug */ = {
			isa = XCBuildConfiguration;
			buildSettings = {
				DEVELOPMENT_TEAM = EDG77N5CNZ;
				INFOPLIST_FILE = JPDisplayLayoutUITests/Info.plist;
				LD_RUNPATH_SEARCH_PATHS = "$(inherited) @executable_path/Frameworks @loader_path/Frameworks";
				PRODUCT_BUNDLE_IDENTIFIER = com.wangzi.JPDisplayLayoutUITests;
				PRODUCT_NAME = "$(TARGET_NAME)";
				TEST_TARGET_NAME = JPDisplayLayout;
			};
			name = Debug;
		};
		274EDA261F1F68C50021FEA6 /* Release */ = {
			isa = XCBuildConfiguration;
			buildSettings = {
				DEVELOPMENT_TEAM = EDG77N5CNZ;
				INFOPLIST_FILE = JPDisplayLayoutUITests/Info.plist;
				LD_RUNPATH_SEARCH_PATHS = "$(inherited) @executable_path/Frameworks @loader_path/Frameworks";
				PRODUCT_BUNDLE_IDENTIFIER = com.wangzi.JPDisplayLayoutUITests;
				PRODUCT_NAME = "$(TARGET_NAME)";
				TEST_TARGET_NAME = JPDisplayLayout;
			};
			name = Release;
		};
/* End XCBuildConfiguration section */

/* Begin XCConfigurationList section */
		274ED9E91F1F68C40021FEA6 /* Build configuration list for PBXProject "JPDisplayLayout" */ = {
			isa = XCConfigurationList;
			buildConfigurations = (
				274EDA1C1F1F68C50021FEA6 /* Debug */,
				274EDA1D1F1F68C50021FEA6 /* Release */,
			);
			defaultConfigurationIsVisible = 0;
			defaultConfigurationName = Release;
		};
		274EDA1E1F1F68C50021FEA6 /* Build configuration list for PBXNativeTarget "JPDisplayLayout" */ = {
			isa = XCConfigurationList;
			buildConfigurations = (
				274EDA1F1F1F68C50021FEA6 /* Debug */,
				274EDA201F1F68C50021FEA6 /* Release */,
			);
			defaultConfigurationIsVisible = 0;
			defaultConfigurationName = Release;
		};
		274EDA211F1F68C50021FEA6 /* Build configuration list for PBXNativeTarget "JPDisplayLayoutTests" */ = {
			isa = XCConfigurationList;
			buildConfigurations = (
				274EDA221F1F68C50021FEA6 /* Debug */,
				274EDA231F1F68C50021FEA6 /* Release */,
			);
			defaultConfigurationIsVisible = 0;
			defaultConfigurationName = Release;
		};
		274EDA241F1F68C50021FEA6 /* Build configuration list for PBXNativeTarget "JPDisplayLayoutUITests" */ = {
			isa = XCConfigurationList;
			buildConfigurations = (
				274EDA251F1F68C50021FEA6 /* Debug */,
				274EDA261F1F68C50021FEA6 /* Release */,
			);
			defaultConfigurationIsVisible = 0;
			defaultConfigurationName = Release;
		};
/* End XCConfigurationList section */
	};
	rootObject = 274ED9E61F1F68C40021FEA6 /* Project object */;
}
